
Microsoft Visual Studio Solution File, Format Version 12.00
# Visual Studio Version 17
VisualStudioVersion = 17.3.32819.101
MinimumVisualStudioVersion = 10.0.40219.1
Project("{FAE04EC0-301F-11D3-BF4B-00C04F79EFBC}") = "Exercicio2608", "Exercicio2608.csproj", "{2979DD88-7152-4142-8E33-5C8BE5AFE7E9}"
EndProject
Global
	GlobalSection(SolutionConfigurationPlatforms) = preSolution
		Debug|Any CPU = Debug|Any CPU
		Release|Any CPU = Release|Any CPU
	EndGlobalSection
	GlobalSection(ProjectConfigurationPlatforms) = postSolution
		{2979DD88-7152-4142-8E33-5C8BE5AFE7E9}.Debug|Any CPU.ActiveCfg = Debug|Any CPU
		{2979DD88-7152-4142-8E33-5C8BE5AFE7E9}.Debug|Any CPU.Build.0 = Debug|Any CPU
		{2979DD88-7152-4142-8E33-5C8BE5AFE7E9}.Release|Any CPU.ActiveCfg = Release|Any CPU
		{2979DD88-7152-4142-8E33-5C8BE5AFE7E9}.Release|Any CPU.Build.0 = Release|Any CPU
	EndGlobalSection
	GlobalSection(SolutionProperties) = preSolution
		HideSolutionNode = FALSE
	EndGlobalSection
	GlobalSection(ExtensibilityGlobals) = postSolution
		SolutionGuid = {1ABDB6C7-B1C7-4052-84BC-63A872172F31}
	EndGlobalSection
EndGlobal
